// !$*UTF8*$!
{
	archiveVersion = 1;
	classes = {
	};
	objectVersion = 56;
	objects = {

/* Begin PBXBuildFile section */
		1B38634D2AD2C604009B11DF /* User.swift in Sources */ = {isa = PBXBuildFile; fileRef = 1B38634C2AD2C604009B11DF /* User.swift */; };
		1B3D3CD62AD4629B0089A760 /* Router.swift in Sources */ = {isa = PBXBuildFile; fileRef = 1B3D3CD52AD4629B0089A760 /* Router.swift */; };
		1B3D3CD82AD464C00089A760 /* MovieDetails.swift in Sources */ = {isa = PBXBuildFile; fileRef = 1B3D3CD72AD464C00089A760 /* MovieDetails.swift */; };
		1B3D3CDA2AD924A20089A760 /* ViewModelBootcamp.swift in Sources */ = {isa = PBXBuildFile; fileRef = 1B3D3CD92AD924A20089A760 /* ViewModelBootcamp.swift */; };
		1BFA4B762ACD44FD00EA4370 /* MovieApp.swift in Sources */ = {isa = PBXBuildFile; fileRef = 1BFA4B752ACD44FD00EA4370 /* MovieApp.swift */; };
		1BFA4B782ACD44FD00EA4370 /* ContentView.swift in Sources */ = {isa = PBXBuildFile; fileRef = 1BFA4B772ACD44FD00EA4370 /* ContentView.swift */; };
		1BFA4B7A2ACD450000EA4370 /* Assets.xcassets in Resources */ = {isa = PBXBuildFile; fileRef = 1BFA4B792ACD450000EA4370 /* Assets.xcassets */; };
		1BFA4B7D2ACD450000EA4370 /* Preview Assets.xcassets in Resources */ = {isa = PBXBuildFile; fileRef = 1BFA4B7C2ACD450000EA4370 /* Preview Assets.xcassets */; };
		1BFA4B7F2ACD450000EA4370 /* Persistence.swift in Sources */ = {isa = PBXBuildFile; fileRef = 1BFA4B7E2ACD450000EA4370 /* Persistence.swift */; };
		1BFA4B822ACD450000EA4370 /* MovieApp.xcdatamodeld in Sources */ = {isa = PBXBuildFile; fileRef = 1BFA4B802ACD450000EA4370 /* MovieApp.xcdatamodeld */; };
		1BFA4B8B2ACD552300EA4370 /* NetworkService.swift in Sources */ = {isa = PBXBuildFile; fileRef = 1BFA4B8A2ACD552300EA4370 /* NetworkService.swift */; };
		1BFA4B8D2ACE94DA00EA4370 /* MovieModel.swift in Sources */ = {isa = PBXBuildFile; fileRef = 1BFA4B8C2ACE94DA00EA4370 /* MovieModel.swift */; };
/* End PBXBuildFile section */

/* Begin PBXFileReference section */
		1B38634C2AD2C604009B11DF /* User.swift */ = {isa = PBXFileReference; lastKnownFileType = sourcecode.swift; path = User.swift; sourceTree = "<group>"; };
		1B3D3CD52AD4629B0089A760 /* Router.swift */ = {isa = PBXFileReference; lastKnownFileType = sourcecode.swift; path = Router.swift; sourceTree = "<group>"; };
		1B3D3CD72AD464C00089A760 /* MovieDetails.swift */ = {isa = PBXFileReference; lastKnownFileType = sourcecode.swift; path = MovieDetails.swift; sourceTree = "<group>"; };
		1B3D3CD92AD924A20089A760 /* ViewModelBootcamp.swift */ = {isa = PBXFileReference; lastKnownFileType = sourcecode.swift; path = ViewModelBootcamp.swift; sourceTree = "<group>"; };
		1BFA4B722ACD44FD00EA4370 /* SwiftUIApp.app */ = {isa = PBXFileReference; explicitFileType = wrapper.application; includeInIndex = 0; path = SwiftUIApp.app; sourceTree = BUILT_PRODUCTS_DIR; };
		1BFA4B752ACD44FD00EA4370 /* MovieApp.swift */ = {isa = PBXFileReference; lastKnownFileType = sourcecode.swift; path = MovieApp.swift; sourceTree = "<group>"; };
		1BFA4B772ACD44FD00EA4370 /* ContentView.swift */ = {isa = PBXFileReference; indentWidth = 4; lastKnownFileType = sourcecode.swift; path = ContentView.swift; sourceTree = "<group>"; usesTabs = 0; };
		1BFA4B792ACD450000EA4370 /* Assets.xcassets */ = {isa = PBXFileReference; lastKnownFileType = folder.assetcatalog; path = Assets.xcassets; sourceTree = "<group>"; };
		1BFA4B7C2ACD450000EA4370 /* Preview Assets.xcassets */ = {isa = PBXFileReference; lastKnownFileType = folder.assetcatalog; path = "Preview Assets.xcassets"; sourceTree = "<group>"; };
		1BFA4B7E2ACD450000EA4370 /* Persistence.swift */ = {isa = PBXFileReference; lastKnownFileType = sourcecode.swift; path = Persistence.swift; sourceTree = "<group>"; };
		1BFA4B812ACD450000EA4370 /* MovieApp.xcdatamodel */ = {isa = PBXFileReference; lastKnownFileType = wrapper.xcdatamodel; path = MovieApp.xcdatamodel; sourceTree = "<group>"; };
		1BFA4B8A2ACD552300EA4370 /* NetworkService.swift */ = {isa = PBXFileReference; lastKnownFileType = sourcecode.swift; path = NetworkService.swift; sourceTree = "<group>"; };
		1BFA4B8C2ACE94DA00EA4370 /* MovieModel.swift */ = {isa = PBXFileReference; lastKnownFileType = sourcecode.swift; path = MovieModel.swift; sourceTree = "<group>"; };
/* End PBXFileReference section */

/* Begin PBXFrameworksBuildPhase section */
		1BFA4B6F2ACD44FD00EA4370 /* Frameworks */ = {
			isa = PBXFrameworksBuildPhase;
			buildActionMask = 2147483647;
			files = (
			);
			runOnlyForDeploymentPostprocessing = 0;
		};
/* End PBXFrameworksBuildPhase section */

/* Begin PBXGroup section */
		1B3D3CCF2AD461E10089A760 /* Models */ = {
			isa = PBXGroup;
			children = (
				1BFA4B8C2ACE94DA00EA4370 /* MovieModel.swift */,
				1B38634C2AD2C604009B11DF /* User.swift */,
			);
			path = Models;
			sourceTree = "<group>";
		};
		1B3D3CD02AD461EC0089A760 /* Data */ = {
			isa = PBXGroup;
			children = (
				1BFA4B8A2ACD552300EA4370 /* NetworkService.swift */,
			);
			path = Data;
			sourceTree = "<group>";
		};
		1B3D3CD12AD461FC0089A760 /* Views */ = {
			isa = PBXGroup;
			children = (
				1BFA4B772ACD44FD00EA4370 /* ContentView.swift */,
				1B3D3CD72AD464C00089A760 /* MovieDetails.swift */,
			);
			path = Views;
			sourceTree = "<group>";
		};
		1B3D3CD22AD462310089A760 /* Router */ = {
			isa = PBXGroup;
			children = (
				1B3D3CD52AD4629B0089A760 /* Router.swift */,
			);
			path = Router;
			sourceTree = "<group>";
		};
		1BFA4B692ACD44FD00EA4370 = {
			isa = PBXGroup;
			children = (
				1BFA4B742ACD44FD00EA4370 /* MovieApp */,
				1BFA4B732ACD44FD00EA4370 /* Products */,
			);
			sourceTree = "<group>";
		};
		1BFA4B732ACD44FD00EA4370 /* Products */ = {
			isa = PBXGroup;
			children = (
				1BFA4B722ACD44FD00EA4370 /* SwiftUIApp.app */,
			);
			name = Products;
			sourceTree = "<group>";
		};
		1BFA4B742ACD44FD00EA4370 /* MovieApp */ = {
			isa = PBXGroup;
			children = (
				1B3D3CD92AD924A20089A760 /* ViewModelBootcamp.swift */,
				1B3D3CD22AD462310089A760 /* Router */,
				1BFA4B752ACD44FD00EA4370 /* MovieApp.swift */,
				1B3D3CD12AD461FC0089A760 /* Views */,
				1B3D3CD02AD461EC0089A760 /* Data */,
				1B3D3CCF2AD461E10089A760 /* Models */,
				1BFA4B792ACD450000EA4370 /* Assets.xcassets */,
				1BFA4B7E2ACD450000EA4370 /* Persistence.swift */,
				1BFA4B802ACD450000EA4370 /* MovieApp.xcdatamodeld */,
				1BFA4B7B2ACD450000EA4370 /* Preview Content */,
			);
			path = MovieApp;
			sourceTree = "<group>";
		};
		1BFA4B7B2ACD450000EA4370 /* Preview Content */ = {
			isa = PBXGroup;
			children = (
				1BFA4B7C2ACD450000EA4370 /* Preview Assets.xcassets */,
			);
			path = "Preview Content";
			sourceTree = "<group>";
		};
/* End PBXGroup section */

/* Begin PBXNativeTarget section */
		1BFA4B712ACD44FD00EA4370 /* SwiftUIApp */ = {
			isa = PBXNativeTarget;
			buildConfigurationList = 1BFA4B852ACD450000EA4370 /* Build configuration list for PBXNativeTarget "SwiftUIApp" */;
			buildPhases = (
				1BFA4B6E2ACD44FD00EA4370 /* Sources */,
				1BFA4B6F2ACD44FD00EA4370 /* Frameworks */,
				1BFA4B702ACD44FD00EA4370 /* Resources */,
			);
			buildRules = (
			);
			dependencies = (
			);
			name = SwiftUIApp;
			productName = MovieApp;
			productReference = 1BFA4B722ACD44FD00EA4370 /* SwiftUIApp.app */;
			productType = "com.apple.product-type.application";
		};
/* End PBXNativeTarget section */

/* Begin PBXProject section */
		1BFA4B6A2ACD44FD00EA4370 /* Project object */ = {
			isa = PBXProject;
			attributes = {
				BuildIndependentTargetsInParallel = 1;
				LastSwiftUpdateCheck = 1420;
				LastUpgradeCheck = 1420;
				TargetAttributes = {
					1BFA4B712ACD44FD00EA4370 = {
						CreatedOnToolsVersion = 14.2;
					};
				};
			};
			buildConfigurationList = 1BFA4B6D2ACD44FD00EA4370 /* Build configuration list for PBXProject "SwiftUIApp" */;
			compatibilityVersion = "Xcode 14.0";
			developmentRegion = en;
			hasScannedForEncodings = 0;
			knownRegions = (
				en,
				Base,
			);
			mainGroup = 1BFA4B692ACD44FD00EA4370;
			productRefGroup = 1BFA4B732ACD44FD00EA4370 /* Products */;
			projectDirPath = "";
			projectRoot = "";
			targets = (
				1BFA4B712ACD44FD00EA4370 /* SwiftUIApp */,
			);
		};
/* End PBXProject section */

/* Begin PBXResourcesBuildPhase section */
		1BFA4B702ACD44FD00EA4370 /* Resources */ = {
			isa = PBXResourcesBuildPhase;
			buildActionMask = 2147483647;
			files = (
				1BFA4B7D2ACD450000EA4370 /* Preview Assets.xcassets in Resources */,
				1BFA4B7A2ACD450000EA4370 /* Assets.xcassets in Resources */,
			);
			runOnlyForDeploymentPostprocessing = 0;
		};
/* End PBXResourcesBuildPhase section */

/* Begin PBXSourcesBuildPhase section */
		1BFA4B6E2ACD44FD00EA4370 /* Sources */ = {
			isa = PBXSourcesBuildPhase;
			buildActionMask = 2147483647;
			files = (
				1B3D3CDA2AD924A20089A760 /* ViewModelBootcamp.swift in Sources */,
				1BFA4B8D2ACE94DA00EA4370 /* MovieModel.swift in Sources */,
				1BFA4B8B2ACD552300EA4370 /* NetworkService.swift in Sources */,
				1BFA4B7F2ACD450000EA4370 /* Persistence.swift in Sources */,
				1BFA4B782ACD44FD00EA4370 /* ContentView.swift in Sources */,
				1B3D3CD62AD4629B0089A760 /* Router.swift in Sources */,
				1BFA4B822ACD450000EA4370 /* MovieApp.xcdatamodeld in Sources */,
				1BFA4B762ACD44FD00EA4370 /* MovieApp.swift in Sources */,
				1B38634D2AD2C604009B11DF /* User.swift in Sources */,
				1B3D3CD82AD464C00089A760 /* MovieDetails.swift in Sources */,
			);
			runOnlyForDeploymentPostprocessing = 0;
		};
/* End PBXSourcesBuildPhase section */

/* Begin XCBuildConfiguration section */
		1BFA4B832ACD450000EA4370 /* Debug */ = {
			isa = XCBuildConfiguration;
			buildSettings = {
				ALWAYS_SEARCH_USER_PATHS = NO;
				CLANG_ANALYZER_NONNULL = YES;
				CLANG_ANALYZER_NUMBER_OBJECT_CONVERSION = YES_AGGRESSIVE;
				CLANG_CXX_LANGUAGE_STANDARD = "gnu++20";
				CLANG_ENABLE_MODULES = YES;
				CLANG_ENABLE_OBJC_ARC = YES;
				CLANG_ENABLE_OBJC_WEAK = YES;
				CLANG_WARN_BLOCK_CAPTURE_AUTORELEASING = YES;
				CLANG_WARN_BOOL_CONVERSION = YES;
				CLANG_WARN_COMMA = YES;
				CLANG_WARN_CONSTANT_CONVERSION = YES;
				CLANG_WARN_DEPRECATED_OBJC_IMPLEMENTATIONS = YES;
				CLANG_WARN_DIRECT_OBJC_ISA_USAGE = YES_ERROR;
				CLANG_WARN_DOCUMENTATION_COMMENTS = YES;
				CLANG_WARN_EMPTY_BODY = YES;
				CLANG_WARN_ENUM_CONVERSION = YES;
				CLANG_WARN_INFINITE_RECURSION = YES;
				CLANG_WARN_INT_CONVERSION = YES;
				CLANG_WARN_NON_LITERAL_NULL_CONVERSION = YES;
				CLANG_WARN_OBJC_IMPLICIT_RETAIN_SELF = YES;
				CLANG_WARN_OBJC_LITERAL_CONVERSION = YES;
				CLANG_WARN_OBJC_ROOT_CLASS = YES_ERROR;
				CLANG_WARN_QUOTED_INCLUDE_IN_FRAMEWORK_HEADER = YES;
				CLANG_WARN_RANGE_LOOP_ANALYSIS = YES;
				CLANG_WARN_STRICT_PROTOTYPES = YES;
				CLANG_WARN_SUSPICIOUS_MOVE = YES;
				CLANG_WARN_UNGUARDED_AVAILABILITY = YES_AGGRESSIVE;
				CLANG_WARN_UNREACHABLE_CODE = YES;
				CLANG_WARN__DUPLICATE_METHOD_MATCH = YES;
				COPY_PHASE_STRIP = NO;
				DEBUG_INFORMATION_FORMAT = dwarf;
				ENABLE_STRICT_OBJC_MSGSEND = YES;
				ENABLE_TESTABILITY = YES;
				GCC_C_LANGUAGE_STANDARD = gnu11;
				GCC_DYNAMIC_NO_PIC = NO;
				GCC_NO_COMMON_BLOCKS = YES;
				GCC_OPTIMIZATION_LEVEL = 0;
				GCC_PREPROCESSOR_DEFINITIONS = (
					"DEBUG=1",
					"$(inherited)",
				);
				GCC_WARN_64_TO_32_BIT_CONVERSION = YES;
				GCC_WARN_ABOUT_RETURN_TYPE = YES_ERROR;
				GCC_WARN_UNDECLARED_SELECTOR = YES;
				GCC_WARN_UNINITIALIZED_AUTOS = YES_AGGRESSIVE;
				GCC_WARN_UNUSED_FUNCTION = YES;
				GCC_WARN_UNUSED_VARIABLE = YES;
				IPHONEOS_DEPLOYMENT_TARGET = 16.2;
				MTL_ENABLE_DEBUG_INFO = INCLUDE_SOURCE;
				MTL_FAST_MATH = YES;
				ONLY_ACTIVE_ARCH = YES;
				SDKROOT = iphoneos;
				SWIFT_ACTIVE_COMPILATION_CONDITIONS = DEBUG;
				SWIFT_OPTIMIZATION_LEVEL = "-Onone";
			};
			name = Debug;
		};
		1BFA4B842ACD450000EA4370 /* Release */ = {
			isa = XCBuildConfiguration;
			buildSettings = {
				ALWAYS_SEARCH_USER_PATHS = NO;
				CLANG_ANALYZER_NONNULL = YES;
				CLANG_ANALYZER_NUMBER_OBJECT_CONVERSION = YES_AGGRESSIVE;
				CLANG_CXX_LANGUAGE_STANDARD = "gnu++20";
				CLANG_ENABLE_MODULES = YES;
				CLANG_ENABLE_OBJC_ARC = YES;
				CLANG_ENABLE_OBJC_WEAK = YES;
				CLANG_WARN_BLOCK_CAPTURE_AUTORELEASING = YES;
				CLANG_WARN_BOOL_CONVERSION = YES;
				CLANG_WARN_COMMA = YES;
				CLANG_WARN_CONSTANT_CONVERSION = YES;
				CLANG_WARN_DEPRECATED_OBJC_IMPLEMENTATIONS = YES;
				CLANG_WARN_DIRECT_OBJC_ISA_USAGE = YES_ERROR;
				CLANG_WARN_DOCUMENTATION_COMMENTS = YES;
				CLANG_WARN_EMPTY_BODY = YES;
				CLANG_WARN_ENUM_CONVERSION = YES;
				CLANG_WARN_INFINITE_RECURSION = YES;
				CLANG_WARN_INT_CONVERSION = YES;
				CLANG_WARN_NON_LITERAL_NULL_CONVERSION = YES;
				CLANG_WARN_OBJC_IMPLICIT_RETAIN_SELF = YES;
				CLANG_WARN_OBJC_LITERAL_CONVERSION = YES;
				CLANG_WARN_OBJC_ROOT_CLASS = YES_ERROR;
				CLANG_WARN_QUOTED_INCLUDE_IN_FRAMEWORK_HEADER = YES;
				CLANG_WARN_RANGE_LOOP_ANALYSIS = YES;
				CLANG_WARN_STRICT_PROTOTYPES = YES;
				CLANG_WARN_SUSPICIOUS_MOVE = YES;
				CLANG_WARN_UNGUARDED_AVAILABILITY = YES_AGGRESSIVE;
				CLANG_WARN_UNREACHABLE_CODE = YES;
				CLANG_WARN__DUPLICATE_METHOD_MATCH = YES;
				COPY_PHASE_STRIP = NO;
				DEBUG_INFORMATION_FORMAT = "dwarf-with-dsym";
				ENABLE_NS_ASSERTIONS = NO;
				ENABLE_STRICT_OBJC_MSGSEND = YES;
				GCC_C_LANGUAGE_STANDARD = gnu11;
				GCC_NO_COMMON_BLOCKS = YES;
				GCC_WARN_64_TO_32_BIT_CONVERSION = YES;
				GCC_WARN_ABOUT_RETURN_TYPE = YES_ERROR;
				GCC_WARN_UNDECLARED_SELECTOR = YES;
				GCC_WARN_UNINITIALIZED_AUTOS = YES_AGGRESSIVE;
				GCC_WARN_UNUSED_FUNCTION = YES;
				GCC_WARN_UNUSED_VARIABLE = YES;
				IPHONEOS_DEPLOYMENT_TARGET = 16.2;
				MTL_ENABLE_DEBUG_INFO = NO;
				MTL_FAST_MATH = YES;
				SDKROOT = iphoneos;
				SWIFT_COMPILATION_MODE = wholemodule;
				SWIFT_OPTIMIZATION_LEVEL = "-O";
				VALIDATE_PRODUCT = YES;
			};
			name = Release;
		};
		1BFA4B862ACD450000EA4370 /* Debug */ = {
			isa = XCBuildConfiguration;
			buildSettings = {
				ASSETCATALOG_COMPILER_APPICON_NAME = AppIcon;
				ASSETCATALOG_COMPILER_GLOBAL_ACCENT_COLOR_NAME = AccentColor;
				CODE_SIGN_STYLE = Automatic;
				CURRENT_PROJECT_VERSION = 1;
				DEVELOPMENT_ASSET_PATHS = "\"MovieApp/Preview Content\"";
				ENABLE_PREVIEWS = YES;
				GENERATE_INFOPLIST_FILE = YES;
				INFOPLIST_KEY_UIApplicationSceneManifest_Generation = YES;
				INFOPLIST_KEY_UIApplicationSupportsIndirectInputEvents = YES;
				INFOPLIST_KEY_UILaunchScreen_Generation = YES;
				INFOPLIST_KEY_UISupportedInterfaceOrientations_iPad = "UIInterfaceOrientationPortrait UIInterfaceOrientationPortraitUpsideDown UIInterfaceOrientationLandscapeLeft UIInterfaceOrientationLandscapeRight";
				INFOPLIST_KEY_UISupportedInterfaceOrientations_iPhone = "UIInterfaceOrientationPortrait UIInterfaceOrientationLandscapeLeft UIInterfaceOrientationLandscapeRight";
				LD_RUNPATH_SEARCH_PATHS = (
					"$(inherited)",
					"@executable_path/Frameworks",
				);
				MARKETING_VERSION = 1.0;
				PRODUCT_BUNDLE_IDENTIFIER = com.test.MovieApp;
				PRODUCT_NAME = "$(TARGET_NAME)";
				SWIFT_EMIT_LOC_STRINGS = YES;
				SWIFT_VERSION = 5.0;
				TARGETED_DEVICE_FAMILY = "1,2";
			};
			name = Debug;
		};
		1BFA4B872ACD450000EA4370 /* Release */ = {
			isa = XCBuildConfiguration;
			buildSettings = {
				ASSETCATALOG_COMPILER_APPICON_NAME = AppIcon;
				ASSETCATALOG_COMPILER_GLOBAL_ACCENT_COLOR_NAME = AccentColor;
				CODE_SIGN_STYLE = Automatic;
				CURRENT_PROJECT_VERSION = 1;
				DEVELOPMENT_ASSET_PATHS = "\"MovieApp/Preview Content\"";
				ENABLE_PREVIEWS = YES;
				GENERATE_INFOPLIST_FILE = YES;
				INFOPLIST_KEY_UIApplicationSceneManifest_Generation = YES;
				INFOPLIST_KEY_UIApplicationSupportsIndirectInputEvents = YES;
				INFOPLIST_KEY_UILaunchScreen_Generation = YES;
				INFOPLIST_KEY_UISupportedInterfaceOrientations_iPad = "UIInterfaceOrientationPortrait UIInterfaceOrientationPortraitUpsideDown UIInterfaceOrientationLandscapeLeft UIInterfaceOrientationLandscapeRight";
				INFOPLIST_KEY_UISupportedInterfaceOrientations_iPhone = "UIInterfaceOrientationPortrait UIInterfaceOrientationLandscapeLeft UIInterfaceOrientationLandscapeRight";
				LD_RUNPATH_SEARCH_PATHS = (
					"$(inherited)",
					"@executable_path/Frameworks",
				);
				MARKETING_VERSION = 1.0;
				PRODUCT_BUNDLE_IDENTIFIER = com.test.MovieApp;
				PRODUCT_NAME = "$(TARGET_NAME)";
				SWIFT_EMIT_LOC_STRINGS = YES;
				SWIFT_VERSION = 5.0;
				TARGETED_DEVICE_FAMILY = "1,2";
			};
			name = Release;
		};
/* End XCBuildConfiguration section */

/* Begin XCConfigurationList section */
		1BFA4B6D2ACD44FD00EA4370 /* Build configuration list for PBXProject "SwiftUIApp" */ = {
			isa = XCConfigurationList;
			buildConfigurations = (
				1BFA4B832ACD450000EA4370 /* Debug */,
				1BFA4B842ACD450000EA4370 /* Release */,
			);
			defaultConfigurationIsVisible = 0;
			defaultConfigurationName = Release;
		};
		1BFA4B852ACD450000EA4370 /* Build configuration list for PBXNativeTarget "SwiftUIApp" */ = {
			isa = XCConfigurationList;
			buildConfigurations = (
				1BFA4B862ACD450000EA4370 /* Debug */,
				1BFA4B872ACD450000EA4370 /* Release */,
			);
			defaultConfigurationIsVisible = 0;
			defaultConfigurationName = Release;
		};
/* End XCConfigurationList section */

/* Begin XCVersionGroup section */
		1BFA4B802ACD450000EA4370 /* MovieApp.xcdatamodeld */ = {
			isa = XCVersionGroup;
			children = (
				1BFA4B812ACD450000EA4370 /* MovieApp.xcdatamodel */,
			);
			currentVersion = 1BFA4B812ACD450000EA4370 /* MovieApp.xcdatamodel */;
			path = MovieApp.xcdatamodeld;
			sourceTree = "<group>";
			versionGroupType = wrapper.xcdatamodel;
		};
/* End XCVersionGroup section */
	};
	rootObject = 1BFA4B6A2ACD44FD00EA4370 /* Project object */;
}
